
Microsoft Visual Studio Solution File, Format Version 12.00
# Visual Studio Version 16
VisualStudioVersion = 16.0.32413.511
MinimumVisualStudioVersion = 10.0.40219.1
Project("{FAE04EC0-301F-11D3-BF4B-00C04F79EFBC}") = "188204__BT2", "188204__BT2\188204__BT2.csproj", "{DFEEAEA2-669C-423B-B979-8D4230D2FE6C}"
EndProject
Global
	GlobalSection(SolutionConfigurationPlatforms) = preSolution
		Debug|Any CPU = Debug|Any CPU
		Release|Any CPU = Release|Any CPU
	EndGlobalSection
	GlobalSection(ProjectConfigurationPlatforms) = postSolution
		{DFEEAEA2-669C-423B-B979-8D4230D2FE6C}.Debug|Any CPU.ActiveCfg = Debug|Any CPU
		{DFEEAEA2-669C-423B-B979-8D4230D2FE6C}.Debug|Any CPU.Build.0 = Debug|Any CPU
		{DFEEAEA2-669C-423B-B979-8D4230D2FE6C}.Release|Any CPU.ActiveCfg = Release|Any CPU
		{DFEEAEA2-669C-423B-B979-8D4230D2FE6C}.Release|Any CPU.Build.0 = Release|Any CPU
	EndGlobalSection
	GlobalSection(SolutionProperties) = preSolution
		HideSolutionNode = FALSE
	EndGlobalSection
	GlobalSection(ExtensibilityGlobals) = postSolution
		SolutionGuid = {C5055117-2DF6-4E50-9B8D-4A6205BDF91F}
	EndGlobalSection
EndGlobal
